
Microsoft Visual Studio Solution File, Format Version 12.00
# Visual Studio Version 16
VisualStudioVersion = 16.0.32510.428
MinimumVisualStudioVersion = 10.0.40219.1
Project("{FAE04EC0-301F-11D3-BF4B-00C04F79EFBC}") = "Multiplicator", "Multiplicator\Multiplicator.csproj", "{D281A84B-C730-4F26-99C1-0E272178A13B}"
EndProject
Global
	GlobalSection(SolutionConfigurationPlatforms) = preSolution
		Debug|Any CPU = Debug|Any CPU
		Release|Any CPU = Release|Any CPU
	EndGlobalSection
	GlobalSection(ProjectConfigurationPlatforms) = postSolution
		{D281A84B-C730-4F26-99C1-0E272178A13B}.Debug|Any CPU.ActiveCfg = Debug|Any CPU
		{D281A84B-C730-4F26-99C1-0E272178A13B}.Debug|Any CPU.Build.0 = Debug|Any CPU
		{D281A84B-C730-4F26-99C1-0E272178A13B}.Release|Any CPU.ActiveCfg = Release|Any CPU
		{D281A84B-C730-4F26-99C1-0E272178A13B}.Release|Any CPU.Build.0 = Release|Any CPU
	EndGlobalSection
	GlobalSection(SolutionProperties) = preSolution
		HideSolutionNode = FALSE
	EndGlobalSection
	GlobalSection(ExtensibilityGlobals) = postSolution
		SolutionGuid = {9DB6660A-EDB8-4042-98C4-D1513249B8DC}
	EndGlobalSection
EndGlobal
